// !$*UTF8*$!
{
	archiveVersion = 1;
	classes = {
	};
	objectVersion = 56;
	objects = {

/* Begin PBXBuildFile section */
		1806FA362BA786B400DCD760 /* ToDoListApp.swift in Sources */ = {isa = PBXBuildFile; fileRef = 1806FA352BA786B400DCD760 /* ToDoListApp.swift */; };
		1806FA382BA786B400DCD760 /* ContentView.swift in Sources */ = {isa = PBXBuildFile; fileRef = 1806FA372BA786B400DCD760 /* ContentView.swift */; };
		1806FA3A2BA786B500DCD760 /* Assets.xcassets in Resources */ = {isa = PBXBuildFile; fileRef = 1806FA392BA786B500DCD760 /* Assets.xcassets */; };
		1806FA3D2BA786B500DCD760 /* Preview Assets.xcassets in Resources */ = {isa = PBXBuildFile; fileRef = 1806FA3C2BA786B500DCD760 /* Preview Assets.xcassets */; };
		1806FA472BA786B600DCD760 /* ToDoListTests.swift in Sources */ = {isa = PBXBuildFile; fileRef = 1806FA462BA786B600DCD760 /* ToDoListTests.swift */; };
		1806FA512BA786B600DCD760 /* ToDoListUITests.swift in Sources */ = {isa = PBXBuildFile; fileRef = 1806FA502BA786B600DCD760 /* ToDoListUITests.swift */; };
		1806FA532BA786B600DCD760 /* ToDoListUITestsLaunchTests.swift in Sources */ = {isa = PBXBuildFile; fileRef = 1806FA522BA786B600DCD760 /* ToDoListUITestsLaunchTests.swift */; };
		1806FA612BA78D6600DCD760 /* Note.swift in Sources */ = {isa = PBXBuildFile; fileRef = 1806FA602BA78D6600DCD760 /* Note.swift */; };
		1806FA632BA78DE600DCD760 /* NoteManager.swift in Sources */ = {isa = PBXBuildFile; fileRef = 1806FA622BA78DE600DCD760 /* NoteManager.swift */; };
		1806FA662BA79EF700DCD760 /* NoteAddingView.swift in Sources */ = {isa = PBXBuildFile; fileRef = 1806FA652BA79EF700DCD760 /* NoteAddingView.swift */; };
		183D33842BAA309F004FDDCA /* NoteEditingView.swift in Sources */ = {isa = PBXBuildFile; fileRef = 183D33832BAA309F004FDDCA /* NoteEditingView.swift */; };
		183D33862BAA463E004FDDCA /* TextInput.swift in Sources */ = {isa = PBXBuildFile; fileRef = 183D33852BAA463E004FDDCA /* TextInput.swift */; };
/* End PBXBuildFile section */

/* Begin PBXContainerItemProxy section */
		1806FA432BA786B600DCD760 /* PBXContainerItemProxy */ = {
			isa = PBXContainerItemProxy;
			containerPortal = 1806FA2A2BA786B400DCD760 /* Project object */;
			proxyType = 1;
			remoteGlobalIDString = 1806FA312BA786B400DCD760;
			remoteInfo = ToDoList;
		};
		1806FA4D2BA786B600DCD760 /* PBXContainerItemProxy */ = {
			isa = PBXContainerItemProxy;
			containerPortal = 1806FA2A2BA786B400DCD760 /* Project object */;
			proxyType = 1;
			remoteGlobalIDString = 1806FA312BA786B400DCD760;
			remoteInfo = ToDoList;
		};
/* End PBXContainerItemProxy section */

/* Begin PBXFileReference section */
		1806FA322BA786B400DCD760 /* ToDoList.app */ = {isa = PBXFileReference; explicitFileType = wrapper.application; includeInIndex = 0; path = ToDoList.app; sourceTree = BUILT_PRODUCTS_DIR; };
		1806FA352BA786B400DCD760 /* ToDoListApp.swift */ = {isa = PBXFileReference; lastKnownFileType = sourcecode.swift; path = ToDoListApp.swift; sourceTree = "<group>"; };
		1806FA372BA786B400DCD760 /* ContentView.swift */ = {isa = PBXFileReference; lastKnownFileType = sourcecode.swift; path = ContentView.swift; sourceTree = "<group>"; };
		1806FA392BA786B500DCD760 /* Assets.xcassets */ = {isa = PBXFileReference; lastKnownFileType = folder.assetcatalog; path = Assets.xcassets; sourceTree = "<group>"; };
		1806FA3C2BA786B500DCD760 /* Preview Assets.xcassets */ = {isa = PBXFileReference; lastKnownFileType = folder.assetcatalog; path = "Preview Assets.xcassets"; sourceTree = "<group>"; };
		1806FA422BA786B600DCD760 /* ToDoListTests.xctest */ = {isa = PBXFileReference; explicitFileType = wrapper.cfbundle; includeInIndex = 0; path = ToDoListTests.xctest; sourceTree = BUILT_PRODUCTS_DIR; };
		1806FA462BA786B600DCD760 /* ToDoListTests.swift */ = {isa = PBXFileReference; lastKnownFileType = sourcecode.swift; path = ToDoListTests.swift; sourceTree = "<group>"; };
		1806FA4C2BA786B600DCD760 /* ToDoListUITests.xctest */ = {isa = PBXFileReference; explicitFileType = wrapper.cfbundle; includeInIndex = 0; path = ToDoListUITests.xctest; sourceTree = BUILT_PRODUCTS_DIR; };
		1806FA502BA786B600DCD760 /* ToDoListUITests.swift */ = {isa = PBXFileReference; lastKnownFileType = sourcecode.swift; path = ToDoListUITests.swift; sourceTree = "<group>"; };
		1806FA522BA786B600DCD760 /* ToDoListUITestsLaunchTests.swift */ = {isa = PBXFileReference; lastKnownFileType = sourcecode.swift; path = ToDoListUITestsLaunchTests.swift; sourceTree = "<group>"; };
		1806FA602BA78D6600DCD760 /* Note.swift */ = {isa = PBXFileReference; lastKnownFileType = sourcecode.swift; path = Note.swift; sourceTree = "<group>"; };
		1806FA622BA78DE600DCD760 /* NoteManager.swift */ = {isa = PBXFileReference; lastKnownFileType = sourcecode.swift; path = NoteManager.swift; sourceTree = "<group>"; };
		1806FA652BA79EF700DCD760 /* NoteAddingView.swift */ = {isa = PBXFileReference; lastKnownFileType = sourcecode.swift; path = NoteAddingView.swift; sourceTree = "<group>"; };
		183D33832BAA309F004FDDCA /* NoteEditingView.swift */ = {isa = PBXFileReference; lastKnownFileType = sourcecode.swift; path = NoteEditingView.swift; sourceTree = "<group>"; };
		183D33852BAA463E004FDDCA /* TextInput.swift */ = {isa = PBXFileReference; lastKnownFileType = sourcecode.swift; path = TextInput.swift; sourceTree = "<group>"; };
/* End PBXFileReference section */

/* Begin PBXFrameworksBuildPhase section */
		1806FA2F2BA786B400DCD760 /* Frameworks */ = {
			isa = PBXFrameworksBuildPhase;
			buildActionMask = 2147483647;
			files = (
			);
			runOnlyForDeploymentPostprocessing = 0;
		};
		1806FA3F2BA786B600DCD760 /* Frameworks */ = {
			isa = PBXFrameworksBuildPhase;
			buildActionMask = 2147483647;
			files = (
			);
			runOnlyForDeploymentPostprocessing = 0;
		};
		1806FA492BA786B600DCD760 /* Frameworks */ = {
			isa = PBXFrameworksBuildPhase;
			buildActionMask = 2147483647;
			files = (
			);
			runOnlyForDeploymentPostprocessing = 0;
		};
/* End PBXFrameworksBuildPhase section */

/* Begin PBXGroup section */
		1806FA292BA786B400DCD760 = {
			isa = PBXGroup;
			children = (
				1806FA342BA786B400DCD760 /* ToDoList */,
				1806FA452BA786B600DCD760 /* ToDoListTests */,
				1806FA4F2BA786B600DCD760 /* ToDoListUITests */,
				1806FA332BA786B400DCD760 /* Products */,
			);
			sourceTree = "<group>";
		};
		1806FA332BA786B400DCD760 /* Products */ = {
			isa = PBXGroup;
			children = (
				1806FA322BA786B400DCD760 /* ToDoList.app */,
				1806FA422BA786B600DCD760 /* ToDoListTests.xctest */,
				1806FA4C2BA786B600DCD760 /* ToDoListUITests.xctest */,
			);
			name = Products;
			sourceTree = "<group>";
		};
		1806FA342BA786B400DCD760 /* ToDoList */ = {
			isa = PBXGroup;
			children = (
				1806FA5F2BA78D2800DCD760 /* Models */,
				1806FA352BA786B400DCD760 /* ToDoListApp.swift */,
				1806FA642BA79ED100DCD760 /* Views */,
				1806FA392BA786B500DCD760 /* Assets.xcassets */,
				1806FA3B2BA786B500DCD760 /* Preview Content */,
			);
			path = ToDoList;
			sourceTree = "<group>";
		};
		1806FA3B2BA786B500DCD760 /* Preview Content */ = {
			isa = PBXGroup;
			children = (
				1806FA3C2BA786B500DCD760 /* Preview Assets.xcassets */,
			);
			path = "Preview Content";
			sourceTree = "<group>";
		};
		1806FA452BA786B600DCD760 /* ToDoListTests */ = {
			isa = PBXGroup;
			children = (
				1806FA462BA786B600DCD760 /* ToDoListTests.swift */,
			);
			path = ToDoListTests;
			sourceTree = "<group>";
		};
		1806FA4F2BA786B600DCD760 /* ToDoListUITests */ = {
			isa = PBXGroup;
			children = (
				1806FA502BA786B600DCD760 /* ToDoListUITests.swift */,
				1806FA522BA786B600DCD760 /* ToDoListUITestsLaunchTests.swift */,
			);
			path = ToDoListUITests;
			sourceTree = "<group>";
		};
		1806FA5F2BA78D2800DCD760 /* Models */ = {
			isa = PBXGroup;
			children = (
				1806FA602BA78D6600DCD760 /* Note.swift */,
				1806FA622BA78DE600DCD760 /* NoteManager.swift */,
			);
			path = Models;
			sourceTree = "<group>";
		};
		1806FA642BA79ED100DCD760 /* Views */ = {
			isa = PBXGroup;
			children = (
				1806FA372BA786B400DCD760 /* ContentView.swift */,
				1806FA652BA79EF700DCD760 /* NoteAddingView.swift */,
				183D33832BAA309F004FDDCA /* NoteEditingView.swift */,
				183D33852BAA463E004FDDCA /* TextInput.swift */,
			);
			path = Views;
			sourceTree = "<group>";
		};
/* End PBXGroup section */

/* Begin PBXNativeTarget section */
		1806FA312BA786B400DCD760 /* ToDoList */ = {
			isa = PBXNativeTarget;
			buildConfigurationList = 1806FA562BA786B600DCD760 /* Build configuration list for PBXNativeTarget "ToDoList" */;
			buildPhases = (
				1806FA2E2BA786B400DCD760 /* Sources */,
				1806FA2F2BA786B400DCD760 /* Frameworks */,
				1806FA302BA786B400DCD760 /* Resources */,
			);
			buildRules = (
			);
			dependencies = (
			);
			name = ToDoList;
			productName = ToDoList;
			productReference = 1806FA322BA786B400DCD760 /* ToDoList.app */;
			productType = "com.apple.product-type.application";
		};
		1806FA412BA786B600DCD760 /* ToDoListTests */ = {
			isa = PBXNativeTarget;
			buildConfigurationList = 1806FA592BA786B600DCD760 /* Build configuration list for PBXNativeTarget "ToDoListTests" */;
			buildPhases = (
				1806FA3E2BA786B600DCD760 /* Sources */,
				1806FA3F2BA786B600DCD760 /* Frameworks */,
				1806FA402BA786B600DCD760 /* Resources */,
			);
			buildRules = (
			);
			dependencies = (
				1806FA442BA786B600DCD760 /* PBXTargetDependency */,
			);
			name = ToDoListTests;
			productName = ToDoListTests;
			productReference = 1806FA422BA786B600DCD760 /* ToDoListTests.xctest */;
			productType = "com.apple.product-type.bundle.unit-test";
		};
		1806FA4B2BA786B600DCD760 /* ToDoListUITests */ = {
			isa = PBXNativeTarget;
			buildConfigurationList = 1806FA5C2BA786B600DCD760 /* Build configuration list for PBXNativeTarget "ToDoListUITests" */;
			buildPhases = (
				1806FA482BA786B600DCD760 /* Sources */,
				1806FA492BA786B600DCD760 /* Frameworks */,
				1806FA4A2BA786B600DCD760 /* Resources */,
			);
			buildRules = (
			);
			dependencies = (
				1806FA4E2BA786B600DCD760 /* PBXTargetDependency */,
			);
			name = ToDoListUITests;
			productName = ToDoListUITests;
			productReference = 1806FA4C2BA786B600DCD760 /* ToDoListUITests.xctest */;
			productType = "com.apple.product-type.bundle.ui-testing";
		};
/* End PBXNativeTarget section */

/* Begin PBXProject section */
		1806FA2A2BA786B400DCD760 /* Project object */ = {
			isa = PBXProject;
			attributes = {
				BuildIndependentTargetsInParallel = 1;
				LastSwiftUpdateCheck = 1520;
				LastUpgradeCheck = 1520;
				TargetAttributes = {
					1806FA312BA786B400DCD760 = {
						CreatedOnToolsVersion = 15.2;
					};
					1806FA412BA786B600DCD760 = {
						CreatedOnToolsVersion = 15.2;
						TestTargetID = 1806FA312BA786B400DCD760;
					};
					1806FA4B2BA786B600DCD760 = {
						CreatedOnToolsVersion = 15.2;
						TestTargetID = 1806FA312BA786B400DCD760;
					};
				};
			};
			buildConfigurationList = 1806FA2D2BA786B400DCD760 /* Build configuration list for PBXProject "ToDoList" */;
			compatibilityVersion = "Xcode 14.0";
			developmentRegion = en;
			hasScannedForEncodings = 0;
			knownRegions = (
				en,
				Base,
			);
			mainGroup = 1806FA292BA786B400DCD760;
			productRefGroup = 1806FA332BA786B400DCD760 /* Products */;
			projectDirPath = "";
			projectRoot = "";
			targets = (
				1806FA312BA786B400DCD760 /* ToDoList */,
				1806FA412BA786B600DCD760 /* ToDoListTests */,
				1806FA4B2BA786B600DCD760 /* ToDoListUITests */,
			);
		};
/* End PBXProject section */

/* Begin PBXResourcesBuildPhase section */
		1806FA302BA786B400DCD760 /* Resources */ = {
			isa = PBXResourcesBuildPhase;
			buildActionMask = 2147483647;
			files = (
				1806FA3D2BA786B500DCD760 /* Preview Assets.xcassets in Resources */,
				1806FA3A2BA786B500DCD760 /* Assets.xcassets in Resources */,
			);
			runOnlyForDeploymentPostprocessing = 0;
		};
		1806FA402BA786B600DCD760 /* Resources */ = {
			isa = PBXResourcesBuildPhase;
			buildActionMask = 2147483647;
			files = (
			);
			runOnlyForDeploymentPostprocessing = 0;
		};
		1806FA4A2BA786B600DCD760 /* Resources */ = {
			isa = PBXResourcesBuildPhase;
			buildActionMask = 2147483647;
			files = (
			);
			runOnlyForDeploymentPostprocessing = 0;
		};
/* End PBXResourcesBuildPhase section */

/* Begin PBXSourcesBuildPhase section */
		1806FA2E2BA786B400DCD760 /* Sources */ = {
			isa = PBXSourcesBuildPhase;
			buildActionMask = 2147483647;
			files = (
				1806FA382BA786B400DCD760 /* ContentView.swift in Sources */,
				183D33842BAA309F004FDDCA /* NoteEditingView.swift in Sources */,
				1806FA662BA79EF700DCD760 /* NoteAddingView.swift in Sources */,
				1806FA632BA78DE600DCD760 /* NoteManager.swift in Sources */,
				1806FA362BA786B400DCD760 /* ToDoListApp.swift in Sources */,
				1806FA612BA78D6600DCD760 /* Note.swift in Sources */,
				183D33862BAA463E004FDDCA /* TextInput.swift in Sources */,
			);
			runOnlyForDeploymentPostprocessing = 0;
		};
		1806FA3E2BA786B600DCD760 /* Sources */ = {
			isa = PBXSourcesBuildPhase;
			buildActionMask = 2147483647;
			files = (
				1806FA472BA786B600DCD760 /* ToDoListTests.swift in Sources */,
			);
			runOnlyForDeploymentPostprocessing = 0;
		};
		1806FA482BA786B600DCD760 /* Sources */ = {
			isa = PBXSourcesBuildPhase;
			buildActionMask = 2147483647;
			files = (
				1806FA532BA786B600DCD760 /* ToDoListUITestsLaunchTests.swift in Sources */,
				1806FA512BA786B600DCD760 /* ToDoListUITests.swift in Sources */,
			);
			runOnlyForDeploymentPostprocessing = 0;
		};
/* End PBXSourcesBuildPhase section */

/* Begin PBXTargetDependency section */
		1806FA442BA786B600DCD760 /* PBXTargetDependency */ = {
			isa = PBXTargetDependency;
			target = 1806FA312BA786B400DCD760 /* ToDoList */;
			targetProxy = 1806FA432BA786B600DCD760 /* PBXContainerItemProxy */;
		};
		1806FA4E2BA786B600DCD760 /* PBXTargetDependency */ = {
			isa = PBXTargetDependency;
			target = 1806FA312BA786B400DCD760 /* ToDoList */;
			targetProxy = 1806FA4D2BA786B600DCD760 /* PBXContainerItemProxy */;
		};
/* End PBXTargetDependency section */

/* Begin XCBuildConfiguration section */
		1806FA542BA786B600DCD760 /* Debug */ = {
			isa = XCBuildConfiguration;
			buildSettings = {
				ALWAYS_SEARCH_USER_PATHS = NO;
				ASSETCATALOG_COMPILER_GENERATE_SWIFT_ASSET_SYMBOL_EXTENSIONS = YES;
				CLANG_ANALYZER_NONNULL = YES;
				CLANG_ANALYZER_NUMBER_OBJECT_CONVERSION = YES_AGGRESSIVE;
				CLANG_CXX_LANGUAGE_STANDARD = "gnu++20";
				CLANG_ENABLE_MODULES = YES;
				CLANG_ENABLE_OBJC_ARC = YES;
				CLANG_ENABLE_OBJC_WEAK = YES;
				CLANG_WARN_BLOCK_CAPTURE_AUTORELEASING = YES;
				CLANG_WARN_BOOL_CONVERSION = YES;
				CLANG_WARN_COMMA = YES;
				CLANG_WARN_CONSTANT_CONVERSION = YES;
				CLANG_WARN_DEPRECATED_OBJC_IMPLEMENTATIONS = YES;
				CLANG_WARN_DIRECT_OBJC_ISA_USAGE = YES_ERROR;
				CLANG_WARN_DOCUMENTATION_COMMENTS = YES;
				CLANG_WARN_EMPTY_BODY = YES;
				CLANG_WARN_ENUM_CONVERSION = YES;
				CLANG_WARN_INFINITE_RECURSION = YES;
				CLANG_WARN_INT_CONVERSION = YES;
				CLANG_WARN_NON_LITERAL_NULL_CONVERSION = YES;
				CLANG_WARN_OBJC_IMPLICIT_RETAIN_SELF = YES;
				CLANG_WARN_OBJC_LITERAL_CONVERSION = YES;
				CLANG_WARN_OBJC_ROOT_CLASS = YES_ERROR;
				CLANG_WARN_QUOTED_INCLUDE_IN_FRAMEWORK_HEADER = YES;
				CLANG_WARN_RANGE_LOOP_ANALYSIS = YES;
				CLANG_WARN_STRICT_PROTOTYPES = YES;
				CLANG_WARN_SUSPICIOUS_MOVE = YES;
				CLANG_WARN_UNGUARDED_AVAILABILITY = YES_AGGRESSIVE;
				CLANG_WARN_UNREACHABLE_CODE = YES;
				CLANG_WARN__DUPLICATE_METHOD_MATCH = YES;
				COPY_PHASE_STRIP = NO;
				DEBUG_INFORMATION_FORMAT = dwarf;
				ENABLE_STRICT_OBJC_MSGSEND = YES;
				ENABLE_TESTABILITY = YES;
				ENABLE_USER_SCRIPT_SANDBOXING = YES;
				GCC_C_LANGUAGE_STANDARD = gnu17;
				GCC_DYNAMIC_NO_PIC = NO;
				GCC_NO_COMMON_BLOCKS = YES;
				GCC_OPTIMIZATION_LEVEL = 0;
				GCC_PREPROCESSOR_DEFINITIONS = (
					"DEBUG=1",
					"$(inherited)",
				);
				GCC_WARN_64_TO_32_BIT_CONVERSION = YES;
				GCC_WARN_ABOUT_RETURN_TYPE = YES_ERROR;
				GCC_WARN_UNDECLARED_SELECTOR = YES;
				GCC_WARN_UNINITIALIZED_AUTOS = YES_AGGRESSIVE;
				GCC_WARN_UNUSED_FUNCTION = YES;
				GCC_WARN_UNUSED_VARIABLE = YES;
				IPHONEOS_DEPLOYMENT_TARGET = 17.2;
				LOCALIZATION_PREFERS_STRING_CATALOGS = YES;
				MTL_ENABLE_DEBUG_INFO = INCLUDE_SOURCE;
				MTL_FAST_MATH = YES;
				ONLY_ACTIVE_ARCH = YES;
				SDKROOT = iphoneos;
				SWIFT_ACTIVE_COMPILATION_CONDITIONS = "DEBUG $(inherited)";
				SWIFT_OPTIMIZATION_LEVEL = "-Onone";
			};
			name = Debug;
		};
		1806FA552BA786B600DCD760 /* Release */ = {
			isa = XCBuildConfiguration;
			buildSettings = {
				ALWAYS_SEARCH_USER_PATHS = NO;
				ASSETCATALOG_COMPILER_GENERATE_SWIFT_ASSET_SYMBOL_EXTENSIONS = YES;
				CLANG_ANALYZER_NONNULL = YES;
				CLANG_ANALYZER_NUMBER_OBJECT_CONVERSION = YES_AGGRESSIVE;
				CLANG_CXX_LANGUAGE_STANDARD = "gnu++20";
				CLANG_ENABLE_MODULES = YES;
				CLANG_ENABLE_OBJC_ARC = YES;
				CLANG_ENABLE_OBJC_WEAK = YES;
				CLANG_WARN_BLOCK_CAPTURE_AUTORELEASING = YES;
				CLANG_WARN_BOOL_CONVERSION = YES;
				CLANG_WARN_COMMA = YES;
				CLANG_WARN_CONSTANT_CONVERSION = YES;
				CLANG_WARN_DEPRECATED_OBJC_IMPLEMENTATIONS = YES;
				CLANG_WARN_DIRECT_OBJC_ISA_USAGE = YES_ERROR;
				CLANG_WARN_DOCUMENTATION_COMMENTS = YES;
				CLANG_WARN_EMPTY_BODY = YES;
				CLANG_WARN_ENUM_CONVERSION = YES;
				CLANG_WARN_INFINITE_RECURSION = YES;
				CLANG_WARN_INT_CONVERSION = YES;
				CLANG_WARN_NON_LITERAL_NULL_CONVERSION = YES;
				CLANG_WARN_OBJC_IMPLICIT_RETAIN_SELF = YES;
				CLANG_WARN_OBJC_LITERAL_CONVERSION = YES;
				CLANG_WARN_OBJC_ROOT_CLASS = YES_ERROR;
				CLANG_WARN_QUOTED_INCLUDE_IN_FRAMEWORK_HEADER = YES;
				CLANG_WARN_RANGE_LOOP_ANALYSIS = YES;
				CLANG_WARN_STRICT_PROTOTYPES = YES;
				CLANG_WARN_SUSPICIOUS_MOVE = YES;
				CLANG_WARN_UNGUARDED_AVAILABILITY = YES_AGGRESSIVE;
				CLANG_WARN_UNREACHABLE_CODE = YES;
				CLANG_WARN__DUPLICATE_METHOD_MATCH = YES;
				COPY_PHASE_STRIP = NO;
				DEBUG_INFORMATION_FORMAT = "dwarf-with-dsym";
				ENABLE_NS_ASSERTIONS = NO;
				ENABLE_STRICT_OBJC_MSGSEND = YES;
				ENABLE_USER_SCRIPT_SANDBOXING = YES;
				GCC_C_LANGUAGE_STANDARD = gnu17;
				GCC_NO_COMMON_BLOCKS = YES;
				GCC_WARN_64_TO_32_BIT_CONVERSION = YES;
				GCC_WARN_ABOUT_RETURN_TYPE = YES_ERROR;
				GCC_WARN_UNDECLARED_SELECTOR = YES;
				GCC_WARN_UNINITIALIZED_AUTOS = YES_AGGRESSIVE;
				GCC_WARN_UNUSED_FUNCTION = YES;
				GCC_WARN_UNUSED_VARIABLE = YES;
				IPHONEOS_DEPLOYMENT_TARGET = 17.2;
				LOCALIZATION_PREFERS_STRING_CATALOGS = YES;
				MTL_ENABLE_DEBUG_INFO = NO;
				MTL_FAST_MATH = YES;
				SDKROOT = iphoneos;
				SWIFT_COMPILATION_MODE = wholemodule;
				VALIDATE_PRODUCT = YES;
			};
			name = Release;
		};
		1806FA572BA786B600DCD760 /* Debug */ = {
			isa = XCBuildConfiguration;
			buildSettings = {
				ASSETCATALOG_COMPILER_APPICON_NAME = AppIcon;
				ASSETCATALOG_COMPILER_GLOBAL_ACCENT_COLOR_NAME = AccentColor;
				CODE_SIGN_STYLE = Automatic;
				CURRENT_PROJECT_VERSION = 1;
				DEVELOPMENT_ASSET_PATHS = "\"ToDoList/Preview Content\"";
				DEVELOPMENT_TEAM = 249L3RY7U2;
				ENABLE_PREVIEWS = YES;
				GENERATE_INFOPLIST_FILE = YES;
				INFOPLIST_KEY_UIApplicationSceneManifest_Generation = YES;
				INFOPLIST_KEY_UIApplicationSupportsIndirectInputEvents = YES;
				INFOPLIST_KEY_UILaunchScreen_Generation = YES;
				INFOPLIST_KEY_UISupportedInterfaceOrientations_iPad = "UIInterfaceOrientationPortrait UIInterfaceOrientationPortraitUpsideDown UIInterfaceOrientationLandscapeLeft UIInterfaceOrientationLandscapeRight";
				INFOPLIST_KEY_UISupportedInterfaceOrientations_iPhone = "UIInterfaceOrientationPortrait UIInterfaceOrientationLandscapeLeft UIInterfaceOrientationLandscapeRight";
				LD_RUNPATH_SEARCH_PATHS = (
					"$(inherited)",
					"@executable_path/Frameworks",
				);
				MARKETING_VERSION = 1.0;
				PRODUCT_BUNDLE_IDENTIFIER = com.mertozanlislas.ToDoList;
				PRODUCT_NAME = "$(TARGET_NAME)";
				SWIFT_EMIT_LOC_STRINGS = YES;
				SWIFT_VERSION = 5.0;
				TARGETED_DEVICE_FAMILY = "1,2";
			};
			name = Debug;
		};
		1806FA582BA786B600DCD760 /* Release */ = {
			isa = XCBuildConfiguration;
			buildSettings = {
				ASSETCATALOG_COMPILER_APPICON_NAME = AppIcon;
				ASSETCATALOG_COMPILER_GLOBAL_ACCENT_COLOR_NAME = AccentColor;
				CODE_SIGN_STYLE = Automatic;
				CURRENT_PROJECT_VERSION = 1;
				DEVELOPMENT_ASSET_PATHS = "\"ToDoList/Preview Content\"";
				DEVELOPMENT_TEAM = 249L3RY7U2;
				ENABLE_PREVIEWS = YES;
				GENERATE_INFOPLIST_FILE = YES;
				INFOPLIST_KEY_UIApplicationSceneManifest_Generation = YES;
				INFOPLIST_KEY_UIApplicationSupportsIndirectInputEvents = YES;
				INFOPLIST_KEY_UILaunchScreen_Generation = YES;
				INFOPLIST_KEY_UISupportedInterfaceOrientations_iPad = "UIInterfaceOrientationPortrait UIInterfaceOrientationPortraitUpsideDown UIInterfaceOrientationLandscapeLeft UIInterfaceOrientationLandscapeRight";
				INFOPLIST_KEY_UISupportedInterfaceOrientations_iPhone = "UIInterfaceOrientationPortrait UIInterfaceOrientationLandscapeLeft UIInterfaceOrientationLandscapeRight";
				LD_RUNPATH_SEARCH_PATHS = (
					"$(inherited)",
					"@executable_path/Frameworks",
				);
				MARKETING_VERSION = 1.0;
				PRODUCT_BUNDLE_IDENTIFIER = com.mertozanlislas.ToDoList;
				PRODUCT_NAME = "$(TARGET_NAME)";
				SWIFT_EMIT_LOC_STRINGS = YES;
				SWIFT_VERSION = 5.0;
				TARGETED_DEVICE_FAMILY = "1,2";
			};
			name = Release;
		};
		1806FA5A2BA786B600DCD760 /* Debug */ = {
			isa = XCBuildConfiguration;
			buildSettings = {
				ALWAYS_EMBED_SWIFT_STANDARD_LIBRARIES = YES;
				BUNDLE_LOADER = "$(TEST_HOST)";
				CODE_SIGN_STYLE = Automatic;
				CURRENT_PROJECT_VERSION = 1;
				DEVELOPMENT_TEAM = 249L3RY7U2;
				GENERATE_INFOPLIST_FILE = YES;
				IPHONEOS_DEPLOYMENT_TARGET = 17.2;
				MARKETING_VERSION = 1.0;
				PRODUCT_BUNDLE_IDENTIFIER = com.mertozanlislas.ToDoListTests;
				PRODUCT_NAME = "$(TARGET_NAME)";
				SWIFT_EMIT_LOC_STRINGS = NO;
				SWIFT_VERSION = 5.0;
				TARGETED_DEVICE_FAMILY = "1,2";
				TEST_HOST = "$(BUILT_PRODUCTS_DIR)/ToDoList.app/$(BUNDLE_EXECUTABLE_FOLDER_PATH)/ToDoList";
			};
			name = Debug;
		};
		1806FA5B2BA786B600DCD760 /* Release */ = {
			isa = XCBuildConfiguration;
			buildSettings = {
				ALWAYS_EMBED_SWIFT_STANDARD_LIBRARIES = YES;
				BUNDLE_LOADER = "$(TEST_HOST)";
				CODE_SIGN_STYLE = Automatic;
				CURRENT_PROJECT_VERSION = 1;
				DEVELOPMENT_TEAM = 249L3RY7U2;
				GENERATE_INFOPLIST_FILE = YES;
				IPHONEOS_DEPLOYMENT_TARGET = 17.2;
				MARKETING_VERSION = 1.0;
				PRODUCT_BUNDLE_IDENTIFIER = com.mertozanlislas.ToDoListTests;
				PRODUCT_NAME = "$(TARGET_NAME)";
				SWIFT_EMIT_LOC_STRINGS = NO;
				SWIFT_VERSION = 5.0;
				TARGETED_DEVICE_FAMILY = "1,2";
				TEST_HOST = "$(BUILT_PRODUCTS_DIR)/ToDoList.app/$(BUNDLE_EXECUTABLE_FOLDER_PATH)/ToDoList";
			};
			name = Release;
		};
		1806FA5D2BA786B600DCD760 /* Debug */ = {
			isa = XCBuildConfiguration;
			buildSettings = {
				ALWAYS_EMBED_SWIFT_STANDARD_LIBRARIES = YES;
				CODE_SIGN_STYLE = Automatic;
				CURRENT_PROJECT_VERSION = 1;
				DEVELOPMENT_TEAM = 249L3RY7U2;
				GENERATE_INFOPLIST_FILE = YES;
				MARKETING_VERSION = 1.0;
				PRODUCT_BUNDLE_IDENTIFIER = com.mertozanlislas.ToDoListUITests;
				PRODUCT_NAME = "$(TARGET_NAME)";
				SWIFT_EMIT_LOC_STRINGS = NO;
				SWIFT_VERSION = 5.0;
				TARGETED_DEVICE_FAMILY = "1,2";
				TEST_TARGET_NAME = ToDoList;
			};
			name = Debug;
		};
		1806FA5E2BA786B600DCD760 /* Release */ = {
			isa = XCBuildConfiguration;
			buildSettings = {
				ALWAYS_EMBED_SWIFT_STANDARD_LIBRARIES = YES;
				CODE_SIGN_STYLE = Automatic;
				CURRENT_PROJECT_VERSION = 1;
				DEVELOPMENT_TEAM = 249L3RY7U2;
				GENERATE_INFOPLIST_FILE = YES;
				MARKETING_VERSION = 1.0;
				PRODUCT_BUNDLE_IDENTIFIER = com.mertozanlislas.ToDoListUITests;
				PRODUCT_NAME = "$(TARGET_NAME)";
				SWIFT_EMIT_LOC_STRINGS = NO;
				SWIFT_VERSION = 5.0;
				TARGETED_DEVICE_FAMILY = "1,2";
				TEST_TARGET_NAME = ToDoList;
			};
			name = Release;
		};
/* End XCBuildConfiguration section */

/* Begin XCConfigurationList section */
		1806FA2D2BA786B400DCD760 /* Build configuration list for PBXProject "ToDoList" */ = {
			isa = XCConfigurationList;
			buildConfigurations = (
				1806FA542BA786B600DCD760 /* Debug */,
				1806FA552BA786B600DCD760 /* Release */,
			);
			defaultConfigurationIsVisible = 0;
			defaultConfigurationName = Release;
		};
		1806FA562BA786B600DCD760 /* Build configuration list for PBXNativeTarget "ToDoList" */ = {
			isa = XCConfigurationList;
			buildConfigurations = (
				1806FA572BA786B600DCD760 /* Debug */,
				1806FA582BA786B600DCD760 /* Release */,
			);
			defaultConfigurationIsVisible = 0;
			defaultConfigurationName = Release;
		};
		1806FA592BA786B600DCD760 /* Build configuration list for PBXNativeTarget "ToDoListTests" */ = {
			isa = XCConfigurationList;
			buildConfigurations = (
				1806FA5A2BA786B600DCD760 /* Debug */,
				1806FA5B2BA786B600DCD760 /* Release */,
			);
			defaultConfigurationIsVisible = 0;
			defaultConfigurationName = Release;
		};
		1806FA5C2BA786B600DCD760 /* Build configuration list for PBXNativeTarget "ToDoListUITests" */ = {
			isa = XCConfigurationList;
			buildConfigurations = (
				1806FA5D2BA786B600DCD760 /* Debug */,
				1806FA5E2BA786B600DCD760 /* Release */,
			);
			defaultConfigurationIsVisible = 0;
			defaultConfigurationName = Release;
		};
/* End XCConfigurationList section */
	};
	rootObject = 1806FA2A2BA786B400DCD760 /* Project object */;
}
